
Microsoft Visual Studio Solution File, Format Version 12.00
# Visual Studio Version 17
VisualStudioVersion = 17.0.31903.59
MinimumVisualStudioVersion = 10.0.40219.1
Project("{FAE04EC0-301F-11D3-BF4B-00C04F79EFBC}") = "BankLibrary", "BankLibrary\BankLibrary.csproj", "{C3520B8B-C7D3-42EA-9CBF-DA40E953A05C}"
EndProject
Project("{FAE04EC0-301F-11D3-BF4B-00C04F79EFBC}") = "MyBank", "MyBank\MyBank.csproj", "{236F228D-1C82-4635-802E-08B1A5D83484}"
EndProject
Project("{FAE04EC0-301F-11D3-BF4B-00C04F79EFBC}") = "BankingTests", "BankingTests\BankingTests.csproj", "{463E7C24-5818-4ECC-97DD-60B811379A05}"
EndProject
Global
	GlobalSection(SolutionConfigurationPlatforms) = preSolution
		Debug|Any CPU = Debug|Any CPU
		Release|Any CPU = Release|Any CPU
	EndGlobalSection
	GlobalSection(SolutionProperties) = preSolution
		HideSolutionNode = FALSE
	EndGlobalSection
	GlobalSection(ProjectConfigurationPlatforms) = postSolution
		{C3520B8B-C7D3-42EA-9CBF-DA40E953A05C}.Debug|Any CPU.ActiveCfg = Debug|Any CPU
		{C3520B8B-C7D3-42EA-9CBF-DA40E953A05C}.Debug|Any CPU.Build.0 = Debug|Any CPU
		{C3520B8B-C7D3-42EA-9CBF-DA40E953A05C}.Release|Any CPU.ActiveCfg = Release|Any CPU
		{C3520B8B-C7D3-42EA-9CBF-DA40E953A05C}.Release|Any CPU.Build.0 = Release|Any CPU
		{236F228D-1C82-4635-802E-08B1A5D83484}.Debug|Any CPU.ActiveCfg = Debug|Any CPU
		{236F228D-1C82-4635-802E-08B1A5D83484}.Debug|Any CPU.Build.0 = Debug|Any CPU
		{236F228D-1C82-4635-802E-08B1A5D83484}.Release|Any CPU.ActiveCfg = Release|Any CPU
		{236F228D-1C82-4635-802E-08B1A5D83484}.Release|Any CPU.Build.0 = Release|Any CPU
		{463E7C24-5818-4ECC-97DD-60B811379A05}.Debug|Any CPU.ActiveCfg = Debug|Any CPU
		{463E7C24-5818-4ECC-97DD-60B811379A05}.Debug|Any CPU.Build.0 = Debug|Any CPU
		{463E7C24-5818-4ECC-97DD-60B811379A05}.Release|Any CPU.ActiveCfg = Release|Any CPU
		{463E7C24-5818-4ECC-97DD-60B811379A05}.Release|Any CPU.Build.0 = Release|Any CPU
	EndGlobalSection
EndGlobal
